
Microsoft Visual Studio Solution File, Format Version 12.00
# Visual Studio Version 17
VisualStudioVersion = 17.11.35208.52
MinimumVisualStudioVersion = 10.0.40219.1
Project("{FAE04EC0-301F-11D3-BF4B-00C04F79EFBC}") = "STAR_MUTIMEDIA", "ImgToText\STAR_MUTIMEDIA.csproj", "{DFFE0FC0-E567-4A72-ADDA-8B549747360E}"
EndProject
Global
	GlobalSection(SolutionConfigurationPlatforms) = preSolution
		Debug|Any CPU = Debug|Any CPU
		Release|Any CPU = Release|Any CPU
	EndGlobalSection
	GlobalSection(ProjectConfigurationPlatforms) = postSolution
		{DFFE0FC0-E567-4A72-ADDA-8B549747360E}.Debug|Any CPU.ActiveCfg = Debug|Any CPU
		{DFFE0FC0-E567-4A72-ADDA-8B549747360E}.Debug|Any CPU.Build.0 = Debug|Any CPU
		{DFFE0FC0-E567-4A72-ADDA-8B549747360E}.Release|Any CPU.ActiveCfg = Release|Any CPU
		{DFFE0FC0-E567-4A72-ADDA-8B549747360E}.Release|Any CPU.Build.0 = Release|Any CPU
	EndGlobalSection
	GlobalSection(SolutionProperties) = preSolution
		HideSolutionNode = FALSE
	EndGlobalSection
	GlobalSection(ExtensibilityGlobals) = postSolution
		SolutionGuid = {F43B4ADB-D0AA-4AA0-AD2D-5D78BDB554D8}
	EndGlobalSection
EndGlobal
